
Microsoft Visual Studio Solution File, Format Version 12.00
# Visual Studio Version 17
VisualStudioVersion = 17.3.32901.215
MinimumVisualStudioVersion = 10.0.40219.1
Project("{FAE04EC0-301F-11D3-BF4B-00C04F79EFBC}") = "LongestSubstringWithoutRepeatingCharacters", "LongestSubstringWithoutRepeatingCharacters.csproj", "{1EF20EB5-CF42-4502-B3EB-8899CA5E9723}"
EndProject
Global
	GlobalSection(SolutionConfigurationPlatforms) = preSolution
		Debug|Any CPU = Debug|Any CPU
		Release|Any CPU = Release|Any CPU
	EndGlobalSection
	GlobalSection(ProjectConfigurationPlatforms) = postSolution
		{1EF20EB5-CF42-4502-B3EB-8899CA5E9723}.Debug|Any CPU.ActiveCfg = Debug|Any CPU
		{1EF20EB5-CF42-4502-B3EB-8899CA5E9723}.Debug|Any CPU.Build.0 = Debug|Any CPU
		{1EF20EB5-CF42-4502-B3EB-8899CA5E9723}.Release|Any CPU.ActiveCfg = Release|Any CPU
		{1EF20EB5-CF42-4502-B3EB-8899CA5E9723}.Release|Any CPU.Build.0 = Release|Any CPU
	EndGlobalSection
	GlobalSection(SolutionProperties) = preSolution
		HideSolutionNode = FALSE
	EndGlobalSection
	GlobalSection(ExtensibilityGlobals) = postSolution
		SolutionGuid = {7F67FC0B-FAEF-4D82-9910-E8442A708A44}
	EndGlobalSection
EndGlobal
